// !$*UTF8*$!
{
	archiveVersion = 1;
	classes = {
	};
	objectVersion = 46;
	objects = {

/* Begin PBXBuildFile section */
		32F57C512205560A0024E0BB /* AppDelegate.swift in Sources */ = {isa = PBXBuildFile; fileRef = 32F57C502205560A0024E0BB /* AppDelegate.swift */; };
		32F57C532205560A0024E0BB /* ViewController.swift in Sources */ = {isa = PBXBuildFile; fileRef = 32F57C522205560A0024E0BB /* ViewController.swift */; };
		32F57C562205560A0024E0BB /* Main.storyboard in Resources */ = {isa = PBXBuildFile; fileRef = 32F57C542205560A0024E0BB /* Main.storyboard */; };
		32F57C582205560D0024E0BB /* Assets.xcassets in Resources */ = {isa = PBXBuildFile; fileRef = 32F57C572205560D0024E0BB /* Assets.xcassets */; };
		32F57C5B2205560D0024E0BB /* LaunchScreen.storyboard in Resources */ = {isa = PBXBuildFile; fileRef = 32F57C592205560D0024E0BB /* LaunchScreen.storyboard */; };
		32F57C662205560D0024E0BB /* FridgeFusionTests.swift in Sources */ = {isa = PBXBuildFile; fileRef = 32F57C652205560D0024E0BB /* FridgeFusionTests.swift */; };
		32F57C712205560D0024E0BB /* FridgeFusionUITests.swift in Sources */ = {isa = PBXBuildFile; fileRef = 32F57C702205560D0024E0BB /* FridgeFusionUITests.swift */; };
		32F57C812206BB580024E0BB /* Resnet50.mlmodel in Sources */ = {isa = PBXBuildFile; fileRef = 32F57C802206BB570024E0BB /* Resnet50.mlmodel */; };
		32F57C832206E1350024E0BB /* CaptureViewController.swift in Sources */ = {isa = PBXBuildFile; fileRef = 32F57C822206E1340024E0BB /* CaptureViewController.swift */; };
		32F57C852206ED810024E0BB /* fridgefusion.png in Resources */ = {isa = PBXBuildFile; fileRef = 32F57C842206ED800024E0BB /* fridgefusion.png */; };
		B38CEDE80258503E335A28B1 /* Pods_FridgeFusion.framework in Frameworks */ = {isa = PBXBuildFile; fileRef = B8A7E15A51B53F6DA0862FB3 /* Pods_FridgeFusion.framework */; };
		E590596F220650ED000C8089 /* Food.swift in Sources */ = {isa = PBXBuildFile; fileRef = E590596E220650ED000C8089 /* Food.swift */; };
		E59059712206536F000C8089 /* HistoryCell.swift in Sources */ = {isa = PBXBuildFile; fileRef = E59059702206536F000C8089 /* HistoryCell.swift */; };
		E590597522065FF3000C8089 /* Recipe.swift in Sources */ = {isa = PBXBuildFile; fileRef = E590597422065FF3000C8089 /* Recipe.swift */; };
		E590597722066185000C8089 /* defaultphoto.jpg in Resources */ = {isa = PBXBuildFile; fileRef = E590597622066185000C8089 /* defaultphoto.jpg */; };
		E590597922068FD4000C8089 /* fridge.jpg in Resources */ = {isa = PBXBuildFile; fileRef = E590597822068FD4000C8089 /* fridge.jpg */; };
		E590597B2206942E000C8089 /* black.jpg in Resources */ = {isa = PBXBuildFile; fileRef = E590597A2206942E000C8089 /* black.jpg */; };
/* End PBXBuildFile section */

/* Begin PBXContainerItemProxy section */
		32F57C622205560D0024E0BB /* PBXContainerItemProxy */ = {
			isa = PBXContainerItemProxy;
			containerPortal = 32F57C452205560A0024E0BB /* Project object */;
			proxyType = 1;
			remoteGlobalIDString = 32F57C4C2205560A0024E0BB;
			remoteInfo = FridgeFusion;
		};
		32F57C6D2205560D0024E0BB /* PBXContainerItemProxy */ = {
			isa = PBXContainerItemProxy;
			containerPortal = 32F57C452205560A0024E0BB /* Project object */;
			proxyType = 1;
			remoteGlobalIDString = 32F57C4C2205560A0024E0BB;
			remoteInfo = FridgeFusion;
		};
/* End PBXContainerItemProxy section */

/* Begin PBXFileReference section */
		32F57C4D2205560A0024E0BB /* FridgeFusion.app */ = {isa = PBXFileReference; explicitFileType = wrapper.application; includeInIndex = 0; path = FridgeFusion.app; sourceTree = BUILT_PRODUCTS_DIR; };
		32F57C502205560A0024E0BB /* AppDelegate.swift */ = {isa = PBXFileReference; lastKnownFileType = sourcecode.swift; path = AppDelegate.swift; sourceTree = "<group>"; };
		32F57C522205560A0024E0BB /* ViewController.swift */ = {isa = PBXFileReference; lastKnownFileType = sourcecode.swift; path = ViewController.swift; sourceTree = "<group>"; };
		32F57C552205560A0024E0BB /* Base */ = {isa = PBXFileReference; lastKnownFileType = file.storyboard; name = Base; path = Base.lproj/Main.storyboard; sourceTree = "<group>"; };
		32F57C572205560D0024E0BB /* Assets.xcassets */ = {isa = PBXFileReference; lastKnownFileType = folder.assetcatalog; path = Assets.xcassets; sourceTree = "<group>"; };
		32F57C5A2205560D0024E0BB /* Base */ = {isa = PBXFileReference; lastKnownFileType = file.storyboard; name = Base; path = Base.lproj/LaunchScreen.storyboard; sourceTree = "<group>"; };
		32F57C5C2205560D0024E0BB /* Info.plist */ = {isa = PBXFileReference; lastKnownFileType = text.plist.xml; path = Info.plist; sourceTree = "<group>"; };
		32F57C612205560D0024E0BB /* FridgeFusionTests.xctest */ = {isa = PBXFileReference; explicitFileType = wrapper.cfbundle; includeInIndex = 0; path = FridgeFusionTests.xctest; sourceTree = BUILT_PRODUCTS_DIR; };
		32F57C652205560D0024E0BB /* FridgeFusionTests.swift */ = {isa = PBXFileReference; lastKnownFileType = sourcecode.swift; path = FridgeFusionTests.swift; sourceTree = "<group>"; };
		32F57C672205560D0024E0BB /* Info.plist */ = {isa = PBXFileReference; lastKnownFileType = text.plist.xml; path = Info.plist; sourceTree = "<group>"; };
		32F57C6C2205560D0024E0BB /* FridgeFusionUITests.xctest */ = {isa = PBXFileReference; explicitFileType = wrapper.cfbundle; includeInIndex = 0; path = FridgeFusionUITests.xctest; sourceTree = BUILT_PRODUCTS_DIR; };
		32F57C702205560D0024E0BB /* FridgeFusionUITests.swift */ = {isa = PBXFileReference; lastKnownFileType = sourcecode.swift; path = FridgeFusionUITests.swift; sourceTree = "<group>"; };
		32F57C722205560D0024E0BB /* Info.plist */ = {isa = PBXFileReference; lastKnownFileType = text.plist.xml; path = Info.plist; sourceTree = "<group>"; };
		32F57C802206BB570024E0BB /* Resnet50.mlmodel */ = {isa = PBXFileReference; lastKnownFileType = file.mlmodel; path = Resnet50.mlmodel; sourceTree = "<group>"; };
		32F57C822206E1340024E0BB /* CaptureViewController.swift */ = {isa = PBXFileReference; lastKnownFileType = sourcecode.swift; path = CaptureViewController.swift; sourceTree = "<group>"; };
		32F57C842206ED800024E0BB /* fridgefusion.png */ = {isa = PBXFileReference; lastKnownFileType = image.png; path = fridgefusion.png; sourceTree = "<group>"; };
		419B0436E68471ECE9C76649 /* Pods-FridgeFusion.release.xcconfig */ = {isa = PBXFileReference; includeInIndex = 1; lastKnownFileType = text.xcconfig; name = "Pods-FridgeFusion.release.xcconfig"; path = "Pods/Target Support Files/Pods-FridgeFusion/Pods-FridgeFusion.release.xcconfig"; sourceTree = "<group>"; };
		B8A7E15A51B53F6DA0862FB3 /* Pods_FridgeFusion.framework */ = {isa = PBXFileReference; explicitFileType = wrapper.framework; includeInIndex = 0; path = Pods_FridgeFusion.framework; sourceTree = BUILT_PRODUCTS_DIR; };
		E590596E220650ED000C8089 /* Food.swift */ = {isa = PBXFileReference; lastKnownFileType = sourcecode.swift; path = Food.swift; sourceTree = "<group>"; };
		E59059702206536F000C8089 /* HistoryCell.swift */ = {isa = PBXFileReference; lastKnownFileType = sourcecode.swift; path = HistoryCell.swift; sourceTree = "<group>"; };
		E590597422065FF3000C8089 /* Recipe.swift */ = {isa = PBXFileReference; lastKnownFileType = sourcecode.swift; path = Recipe.swift; sourceTree = "<group>"; };
		E590597622066185000C8089 /* defaultphoto.jpg */ = {isa = PBXFileReference; lastKnownFileType = image.jpeg; path = defaultphoto.jpg; sourceTree = "<group>"; };
		E590597822068FD4000C8089 /* fridge.jpg */ = {isa = PBXFileReference; lastKnownFileType = image.jpeg; path = fridge.jpg; sourceTree = "<group>"; };
		E590597A2206942E000C8089 /* black.jpg */ = {isa = PBXFileReference; lastKnownFileType = image.jpeg; path = black.jpg; sourceTree = "<group>"; };
		EBC387E7A6A8A8D9679CA705 /* Pods-FridgeFusion.debug.xcconfig */ = {isa = PBXFileReference; includeInIndex = 1; lastKnownFileType = text.xcconfig; name = "Pods-FridgeFusion.debug.xcconfig"; path = "Pods/Target Support Files/Pods-FridgeFusion/Pods-FridgeFusion.debug.xcconfig"; sourceTree = "<group>"; };
/* End PBXFileReference section */

/* Begin PBXFrameworksBuildPhase section */
		32F57C4A2205560A0024E0BB /* Frameworks */ = {
			isa = PBXFrameworksBuildPhase;
			buildActionMask = 2147483647;
			files = (
				B38CEDE80258503E335A28B1 /* Pods_FridgeFusion.framework in Frameworks */,
			);
			runOnlyForDeploymentPostprocessing = 0;
		};
		32F57C5E2205560D0024E0BB /* Frameworks */ = {
			isa = PBXFrameworksBuildPhase;
			buildActionMask = 2147483647;
			files = (
			);
			runOnlyForDeploymentPostprocessing = 0;
		};
		32F57C692205560D0024E0BB /* Frameworks */ = {
			isa = PBXFrameworksBuildPhase;
			buildActionMask = 2147483647;
			files = (
			);
			runOnlyForDeploymentPostprocessing = 0;
		};
/* End PBXFrameworksBuildPhase section */

/* Begin PBXGroup section */
		32F57C442205560A0024E0BB = {
			isa = PBXGroup;
			children = (
				32F57C4F2205560A0024E0BB /* FridgeFusion */,
				32F57C642205560D0024E0BB /* FridgeFusionTests */,
				32F57C6F2205560D0024E0BB /* FridgeFusionUITests */,
				32F57C4E2205560A0024E0BB /* Products */,
				5F87DE334860B1DE042F35CD /* Pods */,
				AA75A4E65FE71EC1F3140854 /* Frameworks */,
			);
			sourceTree = "<group>";
		};
		32F57C4E2205560A0024E0BB /* Products */ = {
			isa = PBXGroup;
			children = (
				32F57C4D2205560A0024E0BB /* FridgeFusion.app */,
				32F57C612205560D0024E0BB /* FridgeFusionTests.xctest */,
				32F57C6C2205560D0024E0BB /* FridgeFusionUITests.xctest */,
			);
			name = Products;
			sourceTree = "<group>";
		};
		32F57C4F2205560A0024E0BB /* FridgeFusion */ = {
			isa = PBXGroup;
			children = (
				32F57C802206BB570024E0BB /* Resnet50.mlmodel */,
				E590597A2206942E000C8089 /* black.jpg */,
				E590597822068FD4000C8089 /* fridge.jpg */,
				32F57C842206ED800024E0BB /* fridgefusion.png */,
				E590597622066185000C8089 /* defaultphoto.jpg */,
				32F57C502205560A0024E0BB /* AppDelegate.swift */,
				32F57C522205560A0024E0BB /* ViewController.swift */,
				32F57C822206E1340024E0BB /* CaptureViewController.swift */,
				E590596E220650ED000C8089 /* Food.swift */,
				E59059702206536F000C8089 /* HistoryCell.swift */,
				32F57C542205560A0024E0BB /* Main.storyboard */,
				32F57C592205560D0024E0BB /* LaunchScreen.storyboard */,
				32F57C572205560D0024E0BB /* Assets.xcassets */,
				32F57C5C2205560D0024E0BB /* Info.plist */,
				E590597422065FF3000C8089 /* Recipe.swift */,
			);
			path = FridgeFusion;
			sourceTree = "<group>";
		};
		32F57C642205560D0024E0BB /* FridgeFusionTests */ = {
			isa = PBXGroup;
			children = (
				32F57C652205560D0024E0BB /* FridgeFusionTests.swift */,
				32F57C672205560D0024E0BB /* Info.plist */,
			);
			path = FridgeFusionTests;
			sourceTree = "<group>";
		};
		32F57C6F2205560D0024E0BB /* FridgeFusionUITests */ = {
			isa = PBXGroup;
			children = (
				32F57C702205560D0024E0BB /* FridgeFusionUITests.swift */,
				32F57C722205560D0024E0BB /* Info.plist */,
			);
			path = FridgeFusionUITests;
			sourceTree = "<group>";
		};
		5F87DE334860B1DE042F35CD /* Pods */ = {
			isa = PBXGroup;
			children = (
				EBC387E7A6A8A8D9679CA705 /* Pods-FridgeFusion.debug.xcconfig */,
				419B0436E68471ECE9C76649 /* Pods-FridgeFusion.release.xcconfig */,
			);
			name = Pods;
			sourceTree = "<group>";
		};
		AA75A4E65FE71EC1F3140854 /* Frameworks */ = {
			isa = PBXGroup;
			children = (
				B8A7E15A51B53F6DA0862FB3 /* Pods_FridgeFusion.framework */,
			);
			name = Frameworks;
			sourceTree = "<group>";
		};
/* End PBXGroup section */

/* Begin PBXNativeTarget section */
		32F57C4C2205560A0024E0BB /* FridgeFusion */ = {
			isa = PBXNativeTarget;
			buildConfigurationList = 32F57C752205560D0024E0BB /* Build configuration list for PBXNativeTarget "FridgeFusion" */;
			buildPhases = (
				4851B0AA44D1E9D80C66252C /* [CP] Check Pods Manifest.lock */,
				32F57C492205560A0024E0BB /* Sources */,
				32F57C4A2205560A0024E0BB /* Frameworks */,
				32F57C4B2205560A0024E0BB /* Resources */,
				E6CEA41EA16EDA46E50D4342 /* [CP] Embed Pods Frameworks */,
			);
			buildRules = (
			);
			dependencies = (
			);
			name = FridgeFusion;
			productName = FridgeFusion;
			productReference = 32F57C4D2205560A0024E0BB /* FridgeFusion.app */;
			productType = "com.apple.product-type.application";
		};
		32F57C602205560D0024E0BB /* FridgeFusionTests */ = {
			isa = PBXNativeTarget;
			buildConfigurationList = 32F57C782205560D0024E0BB /* Build configuration list for PBXNativeTarget "FridgeFusionTests" */;
			buildPhases = (
				32F57C5D2205560D0024E0BB /* Sources */,
				32F57C5E2205560D0024E0BB /* Frameworks */,
				32F57C5F2205560D0024E0BB /* Resources */,
			);
			buildRules = (
			);
			dependencies = (
				32F57C632205560D0024E0BB /* PBXTargetDependency */,
			);
			name = FridgeFusionTests;
			productName = FridgeFusionTests;
			productReference = 32F57C612205560D0024E0BB /* FridgeFusionTests.xctest */;
			productType = "com.apple.product-type.bundle.unit-test";
		};
		32F57C6B2205560D0024E0BB /* FridgeFusionUITests */ = {
			isa = PBXNativeTarget;
			buildConfigurationList = 32F57C7B2205560D0024E0BB /* Build configuration list for PBXNativeTarget "FridgeFusionUITests" */;
			buildPhases = (
				32F57C682205560D0024E0BB /* Sources */,
				32F57C692205560D0024E0BB /* Frameworks */,
				32F57C6A2205560D0024E0BB /* Resources */,
			);
			buildRules = (
			);
			dependencies = (
				32F57C6E2205560D0024E0BB /* PBXTargetDependency */,
			);
			name = FridgeFusionUITests;
			productName = FridgeFusionUITests;
			productReference = 32F57C6C2205560D0024E0BB /* FridgeFusionUITests.xctest */;
			productType = "com.apple.product-type.bundle.ui-testing";
		};
/* End PBXNativeTarget section */

/* Begin PBXProject section */
		32F57C452205560A0024E0BB /* Project object */ = {
			isa = PBXProject;
			attributes = {
				LastSwiftUpdateCheck = 1010;
				LastUpgradeCheck = 1010;
				ORGANIZATIONNAME = "Kaito Trias";
				TargetAttributes = {
					32F57C4C2205560A0024E0BB = {
						CreatedOnToolsVersion = 10.1;
						DevelopmentTeam = 7MX62HAYM3;
						ProvisioningStyle = Automatic;
					};
					32F57C602205560D0024E0BB = {
						CreatedOnToolsVersion = 10.1;
						ProvisioningStyle = Automatic;
						TestTargetID = 32F57C4C2205560A0024E0BB;
					};
					32F57C6B2205560D0024E0BB = {
						CreatedOnToolsVersion = 10.1;
						ProvisioningStyle = Automatic;
						TestTargetID = 32F57C4C2205560A0024E0BB;
					};
				};
			};
			buildConfigurationList = 32F57C482205560A0024E0BB /* Build configuration list for PBXProject "FridgeFusion" */;
			compatibilityVersion = "Xcode 3.2";
			developmentRegion = en;
			hasScannedForEncodings = 0;
			knownRegions = (
				en,
				Base,
			);
			mainGroup = 32F57C442205560A0024E0BB;
			productRefGroup = 32F57C4E2205560A0024E0BB /* Products */;
			projectDirPath = "";
			projectRoot = "";
			targets = (
				32F57C4C2205560A0024E0BB /* FridgeFusion */,
				32F57C602205560D0024E0BB /* FridgeFusionTests */,
				32F57C6B2205560D0024E0BB /* FridgeFusionUITests */,
			);
		};
/* End PBXProject section */

/* Begin PBXResourcesBuildPhase section */
		32F57C4B2205560A0024E0BB /* Resources */ = {
			isa = PBXResourcesBuildPhase;
			buildActionMask = 2147483647;
			files = (
				E590597922068FD4000C8089 /* fridge.jpg in Resources */,
				32F57C5B2205560D0024E0BB /* LaunchScreen.storyboard in Resources */,
				32F57C582205560D0024E0BB /* Assets.xcassets in Resources */,
				32F57C852206ED810024E0BB /* fridgefusion.png in Resources */,
				E590597722066185000C8089 /* defaultphoto.jpg in Resources */,
				32F57C562205560A0024E0BB /* Main.storyboard in Resources */,
				E590597B2206942E000C8089 /* black.jpg in Resources */,
			);
			runOnlyForDeploymentPostprocessing = 0;
		};
		32F57C5F2205560D0024E0BB /* Resources */ = {
			isa = PBXResourcesBuildPhase;
			buildActionMask = 2147483647;
			files = (
			);
			runOnlyForDeploymentPostprocessing = 0;
		};
		32F57C6A2205560D0024E0BB /* Resources */ = {
			isa = PBXResourcesBuildPhase;
			buildActionMask = 2147483647;
			files = (
			);
			runOnlyForDeploymentPostprocessing = 0;
		};
/* End PBXResourcesBuildPhase section */

/* Begin PBXShellScriptBuildPhase section */
		4851B0AA44D1E9D80C66252C /* [CP] Check Pods Manifest.lock */ = {
			isa = PBXShellScriptBuildPhase;
			buildActionMask = 2147483647;
			files = (
			);
			inputFileListPaths = (
			);
			inputPaths = (
				"${PODS_PODFILE_DIR_PATH}/Podfile.lock",
				"${PODS_ROOT}/Manifest.lock",
			);
			name = "[CP] Check Pods Manifest.lock";
			outputFileListPaths = (
			);
			outputPaths = (
				"$(DERIVED_FILE_DIR)/Pods-FridgeFusion-checkManifestLockResult.txt",
			);
			runOnlyForDeploymentPostprocessing = 0;
			shellPath = /bin/sh;
			shellScript = "diff \"${PODS_PODFILE_DIR_PATH}/Podfile.lock\" \"${PODS_ROOT}/Manifest.lock\" > /dev/null\nif [ $? != 0 ] ; then\n    # print error to STDERR\n    echo \"error: The sandbox is not in sync with the Podfile.lock. Run 'pod install' or update your CocoaPods installation.\" >&2\n    exit 1\nfi\n# This output is used by Xcode 'outputs' to avoid re-running this script phase.\necho \"SUCCESS\" > \"${SCRIPT_OUTPUT_FILE_0}\"\n";
			showEnvVarsInLog = 0;
		};
		E6CEA41EA16EDA46E50D4342 /* [CP] Embed Pods Frameworks */ = {
			isa = PBXShellScriptBuildPhase;
			buildActionMask = 2147483647;
			files = (
			);
			inputFileListPaths = (
			);
			inputPaths = (
				"${SRCROOT}/Pods/Target Support Files/Pods-FridgeFusion/Pods-FridgeFusion-frameworks.sh",
				"${BUILT_PRODUCTS_DIR}/Alamofire/Alamofire.framework",
				"${BUILT_PRODUCTS_DIR}/SwiftSpinner/SwiftSpinner.framework",
				"${BUILT_PRODUCTS_DIR}/SwiftyJSON/SwiftyJSON.framework",
			);
			name = "[CP] Embed Pods Frameworks";
			outputFileListPaths = (
			);
			outputPaths = (
				"${TARGET_BUILD_DIR}/${FRAMEWORKS_FOLDER_PATH}/Alamofire.framework",
				"${TARGET_BUILD_DIR}/${FRAMEWORKS_FOLDER_PATH}/SwiftSpinner.framework",
				"${TARGET_BUILD_DIR}/${FRAMEWORKS_FOLDER_PATH}/SwiftyJSON.framework",
			);
			runOnlyForDeploymentPostprocessing = 0;
			shellPath = /bin/sh;
			shellScript = "\"${SRCROOT}/Pods/Target Support Files/Pods-FridgeFusion/Pods-FridgeFusion-frameworks.sh\"\n";
			showEnvVarsInLog = 0;
		};
/* End PBXShellScriptBuildPhase section */

/* Begin PBXSourcesBuildPhase section */
		32F57C492205560A0024E0BB /* Sources */ = {
			isa = PBXSourcesBuildPhase;
			buildActionMask = 2147483647;
			files = (
				32F57C532205560A0024E0BB /* ViewController.swift in Sources */,
				32F57C512205560A0024E0BB /* AppDelegate.swift in Sources */,
				32F57C832206E1350024E0BB /* CaptureViewController.swift in Sources */,
				E59059712206536F000C8089 /* HistoryCell.swift in Sources */,
				E590596F220650ED000C8089 /* Food.swift in Sources */,
				32F57C812206BB580024E0BB /* Resnet50.mlmodel in Sources */,
				E590597522065FF3000C8089 /* Recipe.swift in Sources */,
			);
			runOnlyForDeploymentPostprocessing = 0;
		};
		32F57C5D2205560D0024E0BB /* Sources */ = {
			isa = PBXSourcesBuildPhase;
			buildActionMask = 2147483647;
			files = (
				32F57C662205560D0024E0BB /* FridgeFusionTests.swift in Sources */,
			);
			runOnlyForDeploymentPostprocessing = 0;
		};
		32F57C682205560D0024E0BB /* Sources */ = {
			isa = PBXSourcesBuildPhase;
			buildActionMask = 2147483647;
			files = (
				32F57C712205560D0024E0BB /* FridgeFusionUITests.swift in Sources */,
			);
			runOnlyForDeploymentPostprocessing = 0;
		};
/* End PBXSourcesBuildPhase section */

/* Begin PBXTargetDependency section */
		32F57C632205560D0024E0BB /* PBXTargetDependency */ = {
			isa = PBXTargetDependency;
			target = 32F57C4C2205560A0024E0BB /* FridgeFusion */;
			targetProxy = 32F57C622205560D0024E0BB /* PBXContainerItemProxy */;
		};
		32F57C6E2205560D0024E0BB /* PBXTargetDependency */ = {
			isa = PBXTargetDependency;
			target = 32F57C4C2205560A0024E0BB /* FridgeFusion */;
			targetProxy = 32F57C6D2205560D0024E0BB /* PBXContainerItemProxy */;
		};
/* End PBXTargetDependency section */

/* Begin PBXVariantGroup section */
		32F57C542205560A0024E0BB /* Main.storyboard */ = {
			isa = PBXVariantGroup;
			children = (
				32F57C552205560A0024E0BB /* Base */,
			);
			name = Main.storyboard;
			sourceTree = "<group>";
		};
		32F57C592205560D0024E0BB /* LaunchScreen.storyboard */ = {
			isa = PBXVariantGroup;
			children = (
				32F57C5A2205560D0024E0BB /* Base */,
			);
			name = LaunchScreen.storyboard;
			sourceTree = "<group>";
		};
/* End PBXVariantGroup section */

/* Begin XCBuildConfiguration section */
		32F57C732205560D0024E0BB /* Debug */ = {
			isa = XCBuildConfiguration;
			buildSettings = {
				ALWAYS_SEARCH_USER_PATHS = NO;
				CLANG_ANALYZER_NONNULL = YES;
				CLANG_ANALYZER_NUMBER_OBJECT_CONVERSION = YES_AGGRESSIVE;
				CLANG_CXX_LANGUAGE_STANDARD = "gnu++14";
				CLANG_CXX_LIBRARY = "libc++";
				CLANG_ENABLE_MODULES = YES;
				CLANG_ENABLE_OBJC_ARC = YES;
				CLANG_ENABLE_OBJC_WEAK = YES;
				CLANG_WARN_BLOCK_CAPTURE_AUTORELEASING = YES;
				CLANG_WARN_BOOL_CONVERSION = YES;
				CLANG_WARN_COMMA = YES;
				CLANG_WARN_CONSTANT_CONVERSION = YES;
				CLANG_WARN_DEPRECATED_OBJC_IMPLEMENTATIONS = YES;
				CLANG_WARN_DIRECT_OBJC_ISA_USAGE = YES_ERROR;
				CLANG_WARN_DOCUMENTATION_COMMENTS = YES;
				CLANG_WARN_EMPTY_BODY = YES;
				CLANG_WARN_ENUM_CONVERSION = YES;
				CLANG_WARN_INFINITE_RECURSION = YES;
				CLANG_WARN_INT_CONVERSION = YES;
				CLANG_WARN_NON_LITERAL_NULL_CONVERSION = YES;
				CLANG_WARN_OBJC_IMPLICIT_RETAIN_SELF = YES;
				CLANG_WARN_OBJC_LITERAL_CONVERSION = YES;
				CLANG_WARN_OBJC_ROOT_CLASS = YES_ERROR;
				CLANG_WARN_RANGE_LOOP_ANALYSIS = YES;
				CLANG_WARN_STRICT_PROTOTYPES = YES;
				CLANG_WARN_SUSPICIOUS_MOVE = YES;
				CLANG_WARN_UNGUARDED_AVAILABILITY = YES_AGGRESSIVE;
				CLANG_WARN_UNREACHABLE_CODE = YES;
				CLANG_WARN__DUPLICATE_METHOD_MATCH = YES;
				CODE_SIGN_IDENTITY = "iPhone Developer";
				COPY_PHASE_STRIP = NO;
				DEBUG_INFORMATION_FORMAT = dwarf;
				ENABLE_STRICT_OBJC_MSGSEND = YES;
				ENABLE_TESTABILITY = YES;
				GCC_C_LANGUAGE_STANDARD = gnu11;
				GCC_DYNAMIC_NO_PIC = NO;
				GCC_NO_COMMON_BLOCKS = YES;
				GCC_OPTIMIZATION_LEVEL = 0;
				GCC_PREPROCESSOR_DEFINITIONS = (
					"DEBUG=1",
					"$(inherited)",
				);
				GCC_WARN_64_TO_32_BIT_CONVERSION = YES;
				GCC_WARN_ABOUT_RETURN_TYPE = YES_ERROR;
				GCC_WARN_UNDECLARED_SELECTOR = YES;
				GCC_WARN_UNINITIALIZED_AUTOS = YES_AGGRESSIVE;
				GCC_WARN_UNUSED_FUNCTION = YES;
				GCC_WARN_UNUSED_VARIABLE = YES;
				IPHONEOS_DEPLOYMENT_TARGET = 12.1;
				MTL_ENABLE_DEBUG_INFO = INCLUDE_SOURCE;
				MTL_FAST_MATH = YES;
				ONLY_ACTIVE_ARCH = YES;
				SDKROOT = iphoneos;
				SWIFT_ACTIVE_COMPILATION_CONDITIONS = DEBUG;
				SWIFT_OPTIMIZATION_LEVEL = "-Onone";
			};
			name = Debug;
		};
		32F57C742205560D0024E0BB /* Release */ = {
			isa = XCBuildConfiguration;
			buildSettings = {
				ALWAYS_SEARCH_USER_PATHS = NO;
				CLANG_ANALYZER_NONNULL = YES;
				CLANG_ANALYZER_NUMBER_OBJECT_CONVERSION = YES_AGGRESSIVE;
				CLANG_CXX_LANGUAGE_STANDARD = "gnu++14";
				CLANG_CXX_LIBRARY = "libc++";
				CLANG_ENABLE_MODULES = YES;
				CLANG_ENABLE_OBJC_ARC = YES;
				CLANG_ENABLE_OBJC_WEAK = YES;
				CLANG_WARN_BLOCK_CAPTURE_AUTORELEASING = YES;
				CLANG_WARN_BOOL_CONVERSION = YES;
				CLANG_WARN_COMMA = YES;
				CLANG_WARN_CONSTANT_CONVERSION = YES;
				CLANG_WARN_DEPRECATED_OBJC_IMPLEMENTATIONS = YES;
				CLANG_WARN_DIRECT_OBJC_ISA_USAGE = YES_ERROR;
				CLANG_WARN_DOCUMENTATION_COMMENTS = YES;
				CLANG_WARN_EMPTY_BODY = YES;
				CLANG_WARN_ENUM_CONVERSION = YES;
				CLANG_WARN_INFINITE_RECURSION = YES;
				CLANG_WARN_INT_CONVERSION = YES;
				CLANG_WARN_NON_LITERAL_NULL_CONVERSION = YES;
				CLANG_WARN_OBJC_IMPLICIT_RETAIN_SELF = YES;
				CLANG_WARN_OBJC_LITERAL_CONVERSION = YES;
				CLANG_WARN_OBJC_ROOT_CLASS = YES_ERROR;
				CLANG_WARN_RANGE_LOOP_ANALYSIS = YES;
				CLANG_WARN_STRICT_PROTOTYPES = YES;
				CLANG_WARN_SUSPICIOUS_MOVE = YES;
				CLANG_WARN_UNGUARDED_AVAILABILITY = YES_AGGRESSIVE;
				CLANG_WARN_UNREACHABLE_CODE = YES;
				CLANG_WARN__DUPLICATE_METHOD_MATCH = YES;
				CODE_SIGN_IDENTITY = "iPhone Developer";
				COPY_PHASE_STRIP = NO;
				DEBUG_INFORMATION_FORMAT = "dwarf-with-dsym";
				ENABLE_NS_ASSERTIONS = NO;
				ENABLE_STRICT_OBJC_MSGSEND = YES;
				GCC_C_LANGUAGE_STANDARD = gnu11;
				GCC_NO_COMMON_BLOCKS = YES;
				GCC_WARN_64_TO_32_BIT_CONVERSION = YES;
				GCC_WARN_ABOUT_RETURN_TYPE = YES_ERROR;
				GCC_WARN_UNDECLARED_SELECTOR = YES;
				GCC_WARN_UNINITIALIZED_AUTOS = YES_AGGRESSIVE;
				GCC_WARN_UNUSED_FUNCTION = YES;
				GCC_WARN_UNUSED_VARIABLE = YES;
				IPHONEOS_DEPLOYMENT_TARGET = 12.1;
				MTL_ENABLE_DEBUG_INFO = NO;
				MTL_FAST_MATH = YES;
				SDKROOT = iphoneos;
				SWIFT_OPTIMIZATION_LEVEL = "-Owholemodule";
				VALIDATE_PRODUCT = YES;
			};
			name = Release;
		};
		32F57C762205560D0024E0BB /* Debug */ = {
			isa = XCBuildConfiguration;
			baseConfigurationReference = EBC387E7A6A8A8D9679CA705 /* Pods-FridgeFusion.debug.xcconfig */;
			buildSettings = {
				ASSETCATALOG_COMPILER_APPICON_NAME = AppIcon;
				CODE_SIGN_STYLE = Automatic;
				DEVELOPMENT_TEAM = 7MX62HAYM3;
				INFOPLIST_FILE = FridgeFusion/Info.plist;
				IPHONEOS_DEPLOYMENT_TARGET = 12.0;
				LD_RUNPATH_SEARCH_PATHS = "$(inherited) @executable_path/Frameworks";
				PRODUCT_BUNDLE_IDENTIFIER = FF.FridgeFusion;
				PRODUCT_NAME = "$(TARGET_NAME)";
				SWIFT_VERSION = 4.2;
				TARGETED_DEVICE_FAMILY = "1,2";
			};
			name = Debug;
		};
		32F57C772205560D0024E0BB /* Release */ = {
			isa = XCBuildConfiguration;
			baseConfigurationReference = 419B0436E68471ECE9C76649 /* Pods-FridgeFusion.release.xcconfig */;
			buildSettings = {
				ASSETCATALOG_COMPILER_APPICON_NAME = AppIcon;
				CODE_SIGN_STYLE = Automatic;
				DEVELOPMENT_TEAM = 7MX62HAYM3;
				INFOPLIST_FILE = FridgeFusion/Info.plist;
				IPHONEOS_DEPLOYMENT_TARGET = 12.0;
				LD_RUNPATH_SEARCH_PATHS = "$(inherited) @executable_path/Frameworks";
				PRODUCT_BUNDLE_IDENTIFIER = FF.FridgeFusion;
				PRODUCT_NAME = "$(TARGET_NAME)";
				SWIFT_VERSION = 4.2;
				TARGETED_DEVICE_FAMILY = "1,2";
			};
			name = Release;
		};
		32F57C792205560D0024E0BB /* Debug */ = {
			isa = XCBuildConfiguration;
			buildSettings = {
				ALWAYS_EMBED_SWIFT_STANDARD_LIBRARIES = YES;
				BUNDLE_LOADER = "$(TEST_HOST)";
				CODE_SIGN_STYLE = Automatic;
				INFOPLIST_FILE = FridgeFusionTests/Info.plist;
				LD_RUNPATH_SEARCH_PATHS = "$(inherited) @executable_path/Frameworks @loader_path/Frameworks";
				PRODUCT_BUNDLE_IDENTIFIER = FF.FridgeFusionTests;
				PRODUCT_NAME = "$(TARGET_NAME)";
				SWIFT_VERSION = 4.2;
				TARGETED_DEVICE_FAMILY = "1,2";
				TEST_HOST = "$(BUILT_PRODUCTS_DIR)/FridgeFusion.app/FridgeFusion";
			};
			name = Debug;
		};
		32F57C7A2205560D0024E0BB /* Release */ = {
			isa = XCBuildConfiguration;
			buildSettings = {
				ALWAYS_EMBED_SWIFT_STANDARD_LIBRARIES = YES;
				BUNDLE_LOADER = "$(TEST_HOST)";
				CODE_SIGN_STYLE = Automatic;
				INFOPLIST_FILE = FridgeFusionTests/Info.plist;
				LD_RUNPATH_SEARCH_PATHS = "$(inherited) @executable_path/Frameworks @loader_path/Frameworks";
				PRODUCT_BUNDLE_IDENTIFIER = FF.FridgeFusionTests;
				PRODUCT_NAME = "$(TARGET_NAME)";
				SWIFT_VERSION = 4.2;
				TARGETED_DEVICE_FAMILY = "1,2";
				TEST_HOST = "$(BUILT_PRODUCTS_DIR)/FridgeFusion.app/FridgeFusion";
			};
			name = Release;
		};
		32F57C7C2205560D0024E0BB /* Debug */ = {
			isa = XCBuildConfiguration;
			buildSettings = {
				ALWAYS_EMBED_SWIFT_STANDARD_LIBRARIES = YES;
				CODE_SIGN_STYLE = Automatic;
				INFOPLIST_FILE = FridgeFusionUITests/Info.plist;
				LD_RUNPATH_SEARCH_PATHS = "$(inherited) @executable_path/Frameworks @loader_path/Frameworks";
				PRODUCT_BUNDLE_IDENTIFIER = FF.FridgeFusionUITests;
				PRODUCT_NAME = "$(TARGET_NAME)";
				SWIFT_VERSION = 4.2;
				TARGETED_DEVICE_FAMILY = "1,2";
				TEST_TARGET_NAME = FridgeFusion;
			};
			name = Debug;
		};
		32F57C7D2205560D0024E0BB /* Release */ = {
			isa = XCBuildConfiguration;
			buildSettings = {
				ALWAYS_EMBED_SWIFT_STANDARD_LIBRARIES = YES;
				CODE_SIGN_STYLE = Automatic;
				INFOPLIST_FILE = FridgeFusionUITests/Info.plist;
				LD_RUNPATH_SEARCH_PATHS = "$(inherited) @executable_path/Frameworks @loader_path/Frameworks";
				PRODUCT_BUNDLE_IDENTIFIER = FF.FridgeFusionUITests;
				PRODUCT_NAME = "$(TARGET_NAME)";
				SWIFT_VERSION = 4.2;
				TARGETED_DEVICE_FAMILY = "1,2";
				TEST_TARGET_NAME = FridgeFusion;
			};
			name = Release;
		};
/* End XCBuildConfiguration section */

/* Begin XCConfigurationList section */
		32F57C482205560A0024E0BB /* Build configuration list for PBXProject "FridgeFusion" */ = {
			isa = XCConfigurationList;
			buildConfigurations = (
				32F57C732205560D0024E0BB /* Debug */,
				32F57C742205560D0024E0BB /* Release */,
			);
			defaultConfigurationIsVisible = 0;
			defaultConfigurationName = Release;
		};
		32F57C752205560D0024E0BB /* Build configuration list for PBXNativeTarget "FridgeFusion" */ = {
			isa = XCConfigurationList;
			buildConfigurations = (
				32F57C762205560D0024E0BB /* Debug */,
				32F57C772205560D0024E0BB /* Release */,
			);
			defaultConfigurationIsVisible = 0;
			defaultConfigurationName = Release;
		};
		32F57C782205560D0024E0BB /* Build configuration list for PBXNativeTarget "FridgeFusionTests" */ = {
			isa = XCConfigurationList;
			buildConfigurations = (
				32F57C792205560D0024E0BB /* Debug */,
				32F57C7A2205560D0024E0BB /* Release */,
			);
			defaultConfigurationIsVisible = 0;
			defaultConfigurationName = Release;
		};
		32F57C7B2205560D0024E0BB /* Build configuration list for PBXNativeTarget "FridgeFusionUITests" */ = {
			isa = XCConfigurationList;
			buildConfigurations = (
				32F57C7C2205560D0024E0BB /* Debug */,
				32F57C7D2205560D0024E0BB /* Release */,
			);
			defaultConfigurationIsVisible = 0;
			defaultConfigurationName = Release;
		};
/* End XCConfigurationList section */
	};
	rootObject = 32F57C452205560A0024E0BB /* Project object */;
}
